
Microsoft Visual Studio Solution File, Format Version 12.00
# Visual Studio 15
VisualStudioVersion = 15.0.26730.16
MinimumVisualStudioVersion = 10.0.40219.1
Project("{FAE04EC0-301F-11D3-BF4B-00C04F79EFBC}") = "RHG", "RHG\RHG.csproj", "{1B292AA0-846B-4944-92FB-8A4F1C7B5D6E}"
EndProject
Global
	GlobalSection(SolutionConfigurationPlatforms) = preSolution
		Debug|Any CPU = Debug|Any CPU
		Release|Any CPU = Release|Any CPU
	EndGlobalSection
	GlobalSection(ProjectConfigurationPlatforms) = postSolution
		{1B292AA0-846B-4944-92FB-8A4F1C7B5D6E}.Debug|Any CPU.ActiveCfg = Debug|Any CPU
		{1B292AA0-846B-4944-92FB-8A4F1C7B5D6E}.Debug|Any CPU.Build.0 = Debug|Any CPU
		{1B292AA0-846B-4944-92FB-8A4F1C7B5D6E}.Release|Any CPU.ActiveCfg = Release|Any CPU
		{1B292AA0-846B-4944-92FB-8A4F1C7B5D6E}.Release|Any CPU.Build.0 = Release|Any CPU
	EndGlobalSection
	GlobalSection(SolutionProperties) = preSolution
		HideSolutionNode = FALSE
	EndGlobalSection
	GlobalSection(ExtensibilityGlobals) = postSolution
		SolutionGuid = {07E4AED3-6F64-40B0-B246-72A66A3AC157}
	EndGlobalSection
EndGlobal
